
Microsoft Visual Studio Solution File, Format Version 12.00
# Visual Studio Version 17
VisualStudioVersion = 17.4.33122.133
MinimumVisualStudioVersion = 10.0.40219.1
Project("{FAE04EC0-301F-11D3-BF4B-00C04F79EFBC}") = "MK", "MK\MK.csproj", "{F14EAC8D-5676-4C00-974F-D3971F262DF0}"
EndProject
Project("{2150E333-8FDC-42A3-9474-1A3956D46DE8}") = "Элементы решения", "Элементы решения", "{09F7F00C-263B-45BE-AF15-514D237C20F2}"
	ProjectSection(SolutionItems) = preProject
		MK\Image\background.png = MK\Image\background.png
		MK\Properties\background2.png = MK\Properties\background2.png
		MK\Image\Chisl.png = MK\Image\Chisl.png
		MK\Image\Glagol.png = MK\Image\Glagol.png
		MK\Image\Koren.png = MK\Image\Koren.png
		MK\Image\Padeg.png = MK\Image\Padeg.png
		MK\Image\Predlognie.png = MK\Image\Predlognie.png
		MK\Image\Pril.png = MK\Image\Pril.png
		MK\Saransk.png = MK\Saransk.png
		MK\Image\Time.png = MK\Image\Time.png
	EndProjectSection
EndProject
Global
	GlobalSection(SolutionConfigurationPlatforms) = preSolution
		Debug|Any CPU = Debug|Any CPU
		Release|Any CPU = Release|Any CPU
	EndGlobalSection
	GlobalSection(ProjectConfigurationPlatforms) = postSolution
		{F14EAC8D-5676-4C00-974F-D3971F262DF0}.Debug|Any CPU.ActiveCfg = Debug|Any CPU
		{F14EAC8D-5676-4C00-974F-D3971F262DF0}.Debug|Any CPU.Build.0 = Debug|Any CPU
		{F14EAC8D-5676-4C00-974F-D3971F262DF0}.Release|Any CPU.ActiveCfg = Release|Any CPU
		{F14EAC8D-5676-4C00-974F-D3971F262DF0}.Release|Any CPU.Build.0 = Release|Any CPU
	EndGlobalSection
	GlobalSection(SolutionProperties) = preSolution
		HideSolutionNode = FALSE
	EndGlobalSection
	GlobalSection(ExtensibilityGlobals) = postSolution
		SolutionGuid = {83FA1946-6084-40CE-8BE5-F712C7F02708}
	EndGlobalSection
EndGlobal
